
Microsoft Visual Studio Solution File, Format Version 12.00
# Visual Studio Version 16
VisualStudioVersion = 16.0.30320.27
MinimumVisualStudioVersion = 10.0.40219.1
Project("{9A19103F-16F7-4668-BE54-9A1E7A4F7556}") = "BlazorMonacoYaml", "src\BlazorMonacoYaml\BlazorMonacoYaml.csproj", "{871BC324-5918-409A-8259-241BEDA337A8}"
EndProject
Project("{FAE04EC0-301F-11D3-BF4B-00C04F79EFBC}") = "SampleApp", "src\SampleApp\SampleApp.csproj", "{F966C362-72BA-44B2-B2B0-447C2CCA4C07}"
EndProject
Project("{FAE04EC0-301F-11D3-BF4B-00C04F79EFBC}") = "SampleApp.Server", "src\SampleApp.Server\SampleApp.Server.csproj", "{2C85EC6E-5736-4B98-BC52-9BC59A64365E}"
EndProject
Project("{FAE04EC0-301F-11D3-BF4B-00C04F79EFBC}") = "SampleApp.WASM", "src\SampleApp.WASM\SampleApp.WASM.csproj", "{CAD59E4A-83E5-4FAA-94CC-B0742294928A}"
EndProject
Global
	GlobalSection(SolutionConfigurationPlatforms) = preSolution
		Debug|Any CPU = Debug|Any CPU
		Release|Any CPU = Release|Any CPU
	EndGlobalSection
	GlobalSection(ProjectConfigurationPlatforms) = postSolution
		{871BC324-5918-409A-8259-241BEDA337A8}.Debug|Any CPU.ActiveCfg = Debug|Any CPU
		{871BC324-5918-409A-8259-241BEDA337A8}.Debug|Any CPU.Build.0 = Debug|Any CPU
		{871BC324-5918-409A-8259-241BEDA337A8}.Release|Any CPU.ActiveCfg = Release|Any CPU
		{871BC324-5918-409A-8259-241BEDA337A8}.Release|Any CPU.Build.0 = Release|Any CPU
		{F966C362-72BA-44B2-B2B0-447C2CCA4C07}.Debug|Any CPU.ActiveCfg = Debug|Any CPU
		{F966C362-72BA-44B2-B2B0-447C2CCA4C07}.Debug|Any CPU.Build.0 = Debug|Any CPU
		{F966C362-72BA-44B2-B2B0-447C2CCA4C07}.Release|Any CPU.ActiveCfg = Release|Any CPU
		{F966C362-72BA-44B2-B2B0-447C2CCA4C07}.Release|Any CPU.Build.0 = Release|Any CPU
		{2C85EC6E-5736-4B98-BC52-9BC59A64365E}.Debug|Any CPU.ActiveCfg = Debug|Any CPU
		{2C85EC6E-5736-4B98-BC52-9BC59A64365E}.Debug|Any CPU.Build.0 = Debug|Any CPU
		{2C85EC6E-5736-4B98-BC52-9BC59A64365E}.Release|Any CPU.ActiveCfg = Release|Any CPU
		{2C85EC6E-5736-4B98-BC52-9BC59A64365E}.Release|Any CPU.Build.0 = Release|Any CPU
		{CAD59E4A-83E5-4FAA-94CC-B0742294928A}.Debug|Any CPU.ActiveCfg = Debug|Any CPU
		{CAD59E4A-83E5-4FAA-94CC-B0742294928A}.Debug|Any CPU.Build.0 = Debug|Any CPU
		{CAD59E4A-83E5-4FAA-94CC-B0742294928A}.Release|Any CPU.ActiveCfg = Release|Any CPU
		{CAD59E4A-83E5-4FAA-94CC-B0742294928A}.Release|Any CPU.Build.0 = Release|Any CPU
	EndGlobalSection
	GlobalSection(SolutionProperties) = preSolution
		HideSolutionNode = FALSE
	EndGlobalSection
	GlobalSection(ExtensibilityGlobals) = postSolution
		SolutionGuid = {91C21F0B-89BE-44E7-B09C-25557D218F23}
	EndGlobalSection
EndGlobal
